
Microsoft Visual Studio Solution File, Format Version 12.00
# Visual Studio Version 17
VisualStudioVersion = 17.1.32328.378
MinimumVisualStudioVersion = 10.0.40219.1
Project("{FAE04EC0-301F-11D3-BF4B-00C04F79EFBC}") = "NetworkUtility", "NetworkUtility\NetworkUtility.csproj", "{95510DB8-0B9B-4AEF-97D8-CF6003BF94CB}"
EndProject
Project("{FAE04EC0-301F-11D3-BF4B-00C04F79EFBC}") = "NetworkUtility.Tests", "NetworkUtility.Tests\NetworkUtility.Tests.csproj", "{53419D31-FF72-4498-83ED-9C8A683A491C}"
EndProject
Global
	GlobalSection(SolutionConfigurationPlatforms) = preSolution
		Debug|Any CPU = Debug|Any CPU
		Release|Any CPU = Release|Any CPU
	EndGlobalSection
	GlobalSection(ProjectConfigurationPlatforms) = postSolution
		{95510DB8-0B9B-4AEF-97D8-CF6003BF94CB}.Debug|Any CPU.ActiveCfg = Debug|Any CPU
		{95510DB8-0B9B-4AEF-97D8-CF6003BF94CB}.Debug|Any CPU.Build.0 = Debug|Any CPU
		{95510DB8-0B9B-4AEF-97D8-CF6003BF94CB}.Release|Any CPU.ActiveCfg = Release|Any CPU
		{95510DB8-0B9B-4AEF-97D8-CF6003BF94CB}.Release|Any CPU.Build.0 = Release|Any CPU
		{53419D31-FF72-4498-83ED-9C8A683A491C}.Debug|Any CPU.ActiveCfg = Debug|Any CPU
		{53419D31-FF72-4498-83ED-9C8A683A491C}.Debug|Any CPU.Build.0 = Debug|Any CPU
		{53419D31-FF72-4498-83ED-9C8A683A491C}.Release|Any CPU.ActiveCfg = Release|Any CPU
		{53419D31-FF72-4498-83ED-9C8A683A491C}.Release|Any CPU.Build.0 = Release|Any CPU
	EndGlobalSection
	GlobalSection(SolutionProperties) = preSolution
		HideSolutionNode = FALSE
	EndGlobalSection
	GlobalSection(ExtensibilityGlobals) = postSolution
		SolutionGuid = {209C15F0-612C-41A7-B341-F3F511EC109E}
	EndGlobalSection
EndGlobal
